
Microsoft Visual Studio Solution File, Format Version 12.00
# Visual Studio Version 17
VisualStudioVersion = 17.1.32328.378
MinimumVisualStudioVersion = 10.0.40219.1
Project("{9A19103F-16F7-4668-BE54-9A1E7A4F7556}") = "5335_화성 수학", "csharp_스터디\5335_화성 수학.csproj", "{DF05BA2E-3AB2-4A75-AB4F-7CDA597E10C9}"
EndProject
Project("{9A19103F-16F7-4668-BE54-9A1E7A4F7556}") = "2530_인공지능 시계", "ConsoleApp1\2530_인공지능 시계.csproj", "{11A0B1FE-9570-4D0E-84E0-E750F9E01538}"
EndProject
Project("{9A19103F-16F7-4668-BE54-9A1E7A4F7556}") = "10817_세 수", "10817_세 수\10817_세 수.csproj", "{5CBFDFFB-3475-4670-9983-C35B84C0C349}"
EndProject
Project("{9A19103F-16F7-4668-BE54-9A1E7A4F7556}") = "2935_소음", "2935_소음\2935_소음.csproj", "{4596DC60-8510-42EF-9A6F-F09A7A2CD8F9}"
EndProject
Project("{9A19103F-16F7-4668-BE54-9A1E7A4F7556}") = "2675_문자열 반복", "2675_문자열 반복\2675_문자열 반복.csproj", "{9054534E-7C03-4B33-A6A9-E3D0B5232D97}"
EndProject
Project("{9A19103F-16F7-4668-BE54-9A1E7A4F7556}") = "2914_저작권", "2914_저작권\2914_저작권.csproj", "{FC8D7FCE-4EED-4F6E-95B1-CD777FCD9084}"
EndProject
Project("{9A19103F-16F7-4668-BE54-9A1E7A4F7556}") = "2525_오븐 시계", "2525_오븐 시계\2525_오븐 시계.csproj", "{14B787C5-31DD-43FB-AA50-163147CF7316}"
EndProject
Project("{9A19103F-16F7-4668-BE54-9A1E7A4F7556}") = "2480_주사위 세개", "2480_주사위 세개\2480_주사위 세개.csproj", "{D1C3D287-8CBA-4498-A7C0-CB377CF1DCC3}"
EndProject
Project("{9A19103F-16F7-4668-BE54-9A1E7A4F7556}") = "1789_수들의 합", "1789_수들의 합\1789_수들의 합.csproj", "{3EA39A2B-3B55-4B83-9DA0-5C592C2A42FF}"
EndProject
Project("{9A19103F-16F7-4668-BE54-9A1E7A4F7556}") = "2753_윤년", "2753_윤년\2753_윤년.csproj", "{BAB26E02-C110-4352-8BD1-384D310AF792}"
EndProject
Project("{9A19103F-16F7-4668-BE54-9A1E7A4F7556}") = "1934_최소공배수", "1934_최소공배수\1934_최소공배수.csproj", "{42246839-66AB-4871-9C31-A34D55F416EA}"
EndProject
Project("{9A19103F-16F7-4668-BE54-9A1E7A4F7556}") = "10039_평균 점수", "10039_평균 점수\10039_평균 점수.csproj", "{7044659B-8F3F-4B79-9A5F-F97009F07C1A}"
EndProject
Project("{9A19103F-16F7-4668-BE54-9A1E7A4F7556}") = "11653_소인수분해", "11653_소인수분해\11653_소인수분해.csproj", "{26DF9DC2-91B0-4484-9112-6AC1A63C7B6F}"
EndProject
Project("{9A19103F-16F7-4668-BE54-9A1E7A4F7556}") = "10156_과자", "10156_과자\10156_과자.csproj", "{57ED219B-9B06-4511-9A08-21436959093C}"
EndProject
Project("{9A19103F-16F7-4668-BE54-9A1E7A4F7556}") = "7567_그릇", "7567_그릇\7567_그릇.csproj", "{2622B18F-517C-4ABE-801B-902F90FD7FF0}"
EndProject
Project("{9A19103F-16F7-4668-BE54-9A1E7A4F7556}") = "2884_알람 시계", "2884_알람 시계\2884_알람 시계.csproj", "{FD030567-5C0B-4E16-8757-1E42162549B7}"
EndProject
Project("{9A19103F-16F7-4668-BE54-9A1E7A4F7556}") = "2606_바이러스", "2606_바이러스\2606_바이러스.csproj", "{D8EB4A11-3DFF-4B68-AD25-CFDDE504F60B}"
EndProject
Project("{9A19103F-16F7-4668-BE54-9A1E7A4F7556}") = "2476_주사위 게임", "2476_주사위 게임\2476_주사위 게임.csproj", "{AB7BDD70-8A01-480A-A161-8ECD94299AEE}"
EndProject
Project("{9A19103F-16F7-4668-BE54-9A1E7A4F7556}") = "4101_크냐", "4101_크냐\4101_크냐.csproj", "{AB8C25FE-1B71-4241-9756-8DA37759DCFF}"
EndProject
Project("{9A19103F-16F7-4668-BE54-9A1E7A4F7556}") = "3009_네 번째 점", "3009_네 번째 점\3009_네 번째 점.csproj", "{1888C952-8A0D-4CA3-A8DB-C73541294E1C}"
EndProject
Project("{9A19103F-16F7-4668-BE54-9A1E7A4F7556}") = "2754_학점계산", "2754_학점계산\2754_학점계산.csproj", "{0B9FF786-90E1-4CFB-96CE-A96E4668B781}"
EndProject
Project("{9A19103F-16F7-4668-BE54-9A1E7A4F7556}") = "5717_상근이 친구들", "asdfasdf\5717_상근이 친구들.csproj", "{6B0F0BA3-EC0A-4553-9BD0-CE5A9F313B46}"
EndProject
Project("{9A19103F-16F7-4668-BE54-9A1E7A4F7556}") = "5063_TGN", "5063_TGN\5063_TGN.csproj", "{721EB82F-D568-4996-BA1B-4E1126C3A91B}"
EndProject
Project("{9A19103F-16F7-4668-BE54-9A1E7A4F7556}") = "10886_0=not cute, 1=cute", "10886_0=not cute, 1=cute\10886_0=not cute, 1=cute.csproj", "{54079812-91F3-40E7-9F32-2E655AB20FA3}"
EndProject
Project("{9A19103F-16F7-4668-BE54-9A1E7A4F7556}") = "9610_사분면", "9610_사분면\9610_사분면.csproj", "{6BADDF75-64AC-4930-A93A-DE1248E6EF62}"
EndProject
Project("{9A19103F-16F7-4668-BE54-9A1E7A4F7556}") = "asdfasdf324", "asdfasdf324\asdfasdf324.csproj", "{B2FCE8BC-5FFC-428C-A7C2-6C4A5891E086}"
EndProject
Project("{9A19103F-16F7-4668-BE54-9A1E7A4F7556}") = "10102_개표", "10102_개표\10102_개표.csproj", "{1FEDB1E7-B350-48C9-9F8D-EE24818D22C1}"
EndProject
Project("{9A19103F-16F7-4668-BE54-9A1E7A4F7556}") = "10988_팰린드롬인지 확인하기", "10988_팰린드롬인지 확인하기\10988_팰린드롬인지 확인하기.csproj", "{1DDC63CE-5737-4F11-ADF4-1F2AD6FAD94C}"
EndProject
Project("{9A19103F-16F7-4668-BE54-9A1E7A4F7556}") = "5086_배수와 약수", "5086_배수와 약수\5086_배수와 약수.csproj", "{773FEA04-995C-4C41-BC85-2C95A4F28D23}"
EndProject
Project("{9A19103F-16F7-4668-BE54-9A1E7A4F7556}") = "ClassInherit", "ClassInherit\ClassInherit.csproj", "{7C4C1B00-822D-424B-BB19-B9711807CE12}"
EndProject
Project("{9A19103F-16F7-4668-BE54-9A1E7A4F7556}") = "10103_주사위 게임", "10103_주사위 게임\10103_주사위 게임.csproj", "{7F024EC1-A564-4543-9A8C-7D48B299D9AE}"
EndProject
Project("{9A19103F-16F7-4668-BE54-9A1E7A4F7556}") = "10214_baseball", "10214_baseball\10214_baseball.csproj", "{DB7CBB05-9BC3-425F-BCC5-9A42A8655C17}"
EndProject
Project("{9A19103F-16F7-4668-BE54-9A1E7A4F7556}") = "8958_OX퀴즈", "8958_OX퀴즈\8958_OX퀴즈.csproj", "{278A95DE-B6D2-43A1-A6C2-63621437DAC5}"
EndProject
Project("{9A19103F-16F7-4668-BE54-9A1E7A4F7556}") = "11557_Yangjojang of The Year", "11557_Yangjojang of The Year\11557_Yangjojang of The Year.csproj", "{EFFFAC9D-F4F6-49D1-AD3D-B1C1957B891B}"
EndProject
Project("{9A19103F-16F7-4668-BE54-9A1E7A4F7556}") = "9506_약수들의 합", "9506_약수들의 합\9506_약수들의 합.csproj", "{5BDB87BB-42D1-4089-98E0-DBC7DD399004}"
EndProject
Project("{9A19103F-16F7-4668-BE54-9A1E7A4F7556}") = "10162_전자레인지", "10162_전자레인지\10162_전자레인지.csproj", "{F26A5992-4758-4D47-948B-752CE1B077CE}"
EndProject
Project("{9A19103F-16F7-4668-BE54-9A1E7A4F7556}") = "10757_큰 수 A+B", "10757_큰 수 A+B\10757_큰 수 A+B.csproj", "{38BF1897-4E82-44B5-A52C-08C19EF44DBE}"
EndProject
Project("{9A19103F-16F7-4668-BE54-9A1E7A4F7556}") = "Generic", "Generic\Generic.csproj", "{D1E103D0-C949-41C1-B5CB-E14F5CBC919E}"
EndProject
Project("{9A19103F-16F7-4668-BE54-9A1E7A4F7556}") = "2621_카드게임", "2621_카드게임\2621_카드게임.csproj", "{75711FD6-92D4-498C-BAB8-260EB5DF0102}"
EndProject
Project("{9A19103F-16F7-4668-BE54-9A1E7A4F7556}") = "1747_소수 and 팰린드롬", "1747_소수 and 팰린드롬\1747_소수 and 팰린드롬.csproj", "{C56FB6EF-352D-4CEF-8D8E-2BF50515DF11}"
EndProject
Project("{9A19103F-16F7-4668-BE54-9A1E7A4F7556}") = "1652_누울 자리를 찾아라", "1652_누울 자리를 찾아라\1652_누울 자리를 찾아라.csproj", "{55F809F0-5408-485F-881D-C4E09096F8A2}"
EndProject
Project("{9A19103F-16F7-4668-BE54-9A1E7A4F7556}") = "Delegate", "Delegate\Delegate.csproj", "{84D0EA60-9610-4282-A071-235C452060AE}"
EndProject
Project("{9A19103F-16F7-4668-BE54-9A1E7A4F7556}") = "1110_더하기 사이클", "1110_더하기 사이클\1110_더하기 사이클.csproj", "{5F5DF0D4-8DBA-429B-AD6A-A3068AD22457}"
EndProject
Project("{9A19103F-16F7-4668-BE54-9A1E7A4F7556}") = "8979_올림픽", "8979_올림픽\8979_올림픽.csproj", "{17FF4EF9-87A8-4B4C-826B-954DA896DB7C}"
EndProject
Project("{9A19103F-16F7-4668-BE54-9A1E7A4F7556}") = "2816_디지털 티비", "2816_디지털 티비\2816_디지털 티비.csproj", "{4AB0A161-41AC-4A97-AB4E-99EF178BE16C}"
EndProject
Project("{FAE04EC0-301F-11D3-BF4B-00C04F79EFBC}") = "11724_연결 요소의 개수", "11724_연결 요소의 개수\11724_연결 요소의 개수.csproj", "{B6FB235B-1F36-420F-94E0-E64F7C16E399}"
EndProject
Global
	GlobalSection(SolutionConfigurationPlatforms) = preSolution
		Debug|Any CPU = Debug|Any CPU
		Release|Any CPU = Release|Any CPU
	EndGlobalSection
	GlobalSection(ProjectConfigurationPlatforms) = postSolution
		{DF05BA2E-3AB2-4A75-AB4F-7CDA597E10C9}.Debug|Any CPU.ActiveCfg = Debug|Any CPU
		{DF05BA2E-3AB2-4A75-AB4F-7CDA597E10C9}.Debug|Any CPU.Build.0 = Debug|Any CPU
		{DF05BA2E-3AB2-4A75-AB4F-7CDA597E10C9}.Release|Any CPU.ActiveCfg = Release|Any CPU
		{DF05BA2E-3AB2-4A75-AB4F-7CDA597E10C9}.Release|Any CPU.Build.0 = Release|Any CPU
		{11A0B1FE-9570-4D0E-84E0-E750F9E01538}.Debug|Any CPU.ActiveCfg = Debug|Any CPU
		{11A0B1FE-9570-4D0E-84E0-E750F9E01538}.Debug|Any CPU.Build.0 = Debug|Any CPU
		{11A0B1FE-9570-4D0E-84E0-E750F9E01538}.Release|Any CPU.ActiveCfg = Release|Any CPU
		{11A0B1FE-9570-4D0E-84E0-E750F9E01538}.Release|Any CPU.Build.0 = Release|Any CPU
		{5CBFDFFB-3475-4670-9983-C35B84C0C349}.Debug|Any CPU.ActiveCfg = Debug|Any CPU
		{5CBFDFFB-3475-4670-9983-C35B84C0C349}.Debug|Any CPU.Build.0 = Debug|Any CPU
		{5CBFDFFB-3475-4670-9983-C35B84C0C349}.Release|Any CPU.ActiveCfg = Release|Any CPU
		{5CBFDFFB-3475-4670-9983-C35B84C0C349}.Release|Any CPU.Build.0 = Release|Any CPU
		{4596DC60-8510-42EF-9A6F-F09A7A2CD8F9}.Debug|Any CPU.ActiveCfg = Debug|Any CPU
		{4596DC60-8510-42EF-9A6F-F09A7A2CD8F9}.Debug|Any CPU.Build.0 = Debug|Any CPU
		{4596DC60-8510-42EF-9A6F-F09A7A2CD8F9}.Release|Any CPU.ActiveCfg = Release|Any CPU
		{4596DC60-8510-42EF-9A6F-F09A7A2CD8F9}.Release|Any CPU.Build.0 = Release|Any CPU
		{9054534E-7C03-4B33-A6A9-E3D0B5232D97}.Debug|Any CPU.ActiveCfg = Debug|Any CPU
		{9054534E-7C03-4B33-A6A9-E3D0B5232D97}.Debug|Any CPU.Build.0 = Debug|Any CPU
		{9054534E-7C03-4B33-A6A9-E3D0B5232D97}.Release|Any CPU.ActiveCfg = Release|Any CPU
		{9054534E-7C03-4B33-A6A9-E3D0B5232D97}.Release|Any CPU.Build.0 = Release|Any CPU
		{FC8D7FCE-4EED-4F6E-95B1-CD777FCD9084}.Debug|Any CPU.ActiveCfg = Debug|Any CPU
		{FC8D7FCE-4EED-4F6E-95B1-CD777FCD9084}.Debug|Any CPU.Build.0 = Debug|Any CPU
		{FC8D7FCE-4EED-4F6E-95B1-CD777FCD9084}.Release|Any CPU.ActiveCfg = Release|Any CPU
		{FC8D7FCE-4EED-4F6E-95B1-CD777FCD9084}.Release|Any CPU.Build.0 = Release|Any CPU
		{14B787C5-31DD-43FB-AA50-163147CF7316}.Debug|Any CPU.ActiveCfg = Debug|Any CPU
		{14B787C5-31DD-43FB-AA50-163147CF7316}.Debug|Any CPU.Build.0 = Debug|Any CPU
		{14B787C5-31DD-43FB-AA50-163147CF7316}.Release|Any CPU.ActiveCfg = Release|Any CPU
		{14B787C5-31DD-43FB-AA50-163147CF7316}.Release|Any CPU.Build.0 = Release|Any CPU
		{D1C3D287-8CBA-4498-A7C0-CB377CF1DCC3}.Debug|Any CPU.ActiveCfg = Debug|Any CPU
		{D1C3D287-8CBA-4498-A7C0-CB377CF1DCC3}.Debug|Any CPU.Build.0 = Debug|Any CPU
		{D1C3D287-8CBA-4498-A7C0-CB377CF1DCC3}.Release|Any CPU.ActiveCfg = Release|Any CPU
		{D1C3D287-8CBA-4498-A7C0-CB377CF1DCC3}.Release|Any CPU.Build.0 = Release|Any CPU
		{3EA39A2B-3B55-4B83-9DA0-5C592C2A42FF}.Debug|Any CPU.ActiveCfg = Debug|Any CPU
		{3EA39A2B-3B55-4B83-9DA0-5C592C2A42FF}.Debug|Any CPU.Build.0 = Debug|Any CPU
		{3EA39A2B-3B55-4B83-9DA0-5C592C2A42FF}.Release|Any CPU.ActiveCfg = Release|Any CPU
		{3EA39A2B-3B55-4B83-9DA0-5C592C2A42FF}.Release|Any CPU.Build.0 = Release|Any CPU
		{BAB26E02-C110-4352-8BD1-384D310AF792}.Debug|Any CPU.ActiveCfg = Debug|Any CPU
		{BAB26E02-C110-4352-8BD1-384D310AF792}.Debug|Any CPU.Build.0 = Debug|Any CPU
		{BAB26E02-C110-4352-8BD1-384D310AF792}.Release|Any CPU.ActiveCfg = Release|Any CPU
		{BAB26E02-C110-4352-8BD1-384D310AF792}.Release|Any CPU.Build.0 = Release|Any CPU
		{42246839-66AB-4871-9C31-A34D55F416EA}.Debug|Any CPU.ActiveCfg = Debug|Any CPU
		{42246839-66AB-4871-9C31-A34D55F416EA}.Debug|Any CPU.Build.0 = Debug|Any CPU
		{42246839-66AB-4871-9C31-A34D55F416EA}.Release|Any CPU.ActiveCfg = Release|Any CPU
		{42246839-66AB-4871-9C31-A34D55F416EA}.Release|Any CPU.Build.0 = Release|Any CPU
		{7044659B-8F3F-4B79-9A5F-F97009F07C1A}.Debug|Any CPU.ActiveCfg = Debug|Any CPU
		{7044659B-8F3F-4B79-9A5F-F97009F07C1A}.Debug|Any CPU.Build.0 = Debug|Any CPU
		{7044659B-8F3F-4B79-9A5F-F97009F07C1A}.Release|Any CPU.ActiveCfg = Release|Any CPU
		{7044659B-8F3F-4B79-9A5F-F97009F07C1A}.Release|Any CPU.Build.0 = Release|Any CPU
		{26DF9DC2-91B0-4484-9112-6AC1A63C7B6F}.Debug|Any CPU.ActiveCfg = Debug|Any CPU
		{26DF9DC2-91B0-4484-9112-6AC1A63C7B6F}.Debug|Any CPU.Build.0 = Debug|Any CPU
		{26DF9DC2-91B0-4484-9112-6AC1A63C7B6F}.Release|Any CPU.ActiveCfg = Release|Any CPU
		{26DF9DC2-91B0-4484-9112-6AC1A63C7B6F}.Release|Any CPU.Build.0 = Release|Any CPU
		{57ED219B-9B06-4511-9A08-21436959093C}.Debug|Any CPU.ActiveCfg = Debug|Any CPU
		{57ED219B-9B06-4511-9A08-21436959093C}.Debug|Any CPU.Build.0 = Debug|Any CPU
		{57ED219B-9B06-4511-9A08-21436959093C}.Release|Any CPU.ActiveCfg = Release|Any CPU
		{57ED219B-9B06-4511-9A08-21436959093C}.Release|Any CPU.Build.0 = Release|Any CPU
		{2622B18F-517C-4ABE-801B-902F90FD7FF0}.Debug|Any CPU.ActiveCfg = Debug|Any CPU
		{2622B18F-517C-4ABE-801B-902F90FD7FF0}.Debug|Any CPU.Build.0 = Debug|Any CPU
		{2622B18F-517C-4ABE-801B-902F90FD7FF0}.Release|Any CPU.ActiveCfg = Release|Any CPU
		{2622B18F-517C-4ABE-801B-902F90FD7FF0}.Release|Any CPU.Build.0 = Release|Any CPU
		{FD030567-5C0B-4E16-8757-1E42162549B7}.Debug|Any CPU.ActiveCfg = Debug|Any CPU
		{FD030567-5C0B-4E16-8757-1E42162549B7}.Debug|Any CPU.Build.0 = Debug|Any CPU
		{FD030567-5C0B-4E16-8757-1E42162549B7}.Release|Any CPU.ActiveCfg = Release|Any CPU
		{FD030567-5C0B-4E16-8757-1E42162549B7}.Release|Any CPU.Build.0 = Release|Any CPU
		{D8EB4A11-3DFF-4B68-AD25-CFDDE504F60B}.Debug|Any CPU.ActiveCfg = Debug|Any CPU
		{D8EB4A11-3DFF-4B68-AD25-CFDDE504F60B}.Debug|Any CPU.Build.0 = Debug|Any CPU
		{D8EB4A11-3DFF-4B68-AD25-CFDDE504F60B}.Release|Any CPU.ActiveCfg = Release|Any CPU
		{D8EB4A11-3DFF-4B68-AD25-CFDDE504F60B}.Release|Any CPU.Build.0 = Release|Any CPU
		{AB7BDD70-8A01-480A-A161-8ECD94299AEE}.Debug|Any CPU.ActiveCfg = Debug|Any CPU
		{AB7BDD70-8A01-480A-A161-8ECD94299AEE}.Debug|Any CPU.Build.0 = Debug|Any CPU
		{AB7BDD70-8A01-480A-A161-8ECD94299AEE}.Release|Any CPU.ActiveCfg = Release|Any CPU
		{AB7BDD70-8A01-480A-A161-8ECD94299AEE}.Release|Any CPU.Build.0 = Release|Any CPU
		{AB8C25FE-1B71-4241-9756-8DA37759DCFF}.Debug|Any CPU.ActiveCfg = Debug|Any CPU
		{AB8C25FE-1B71-4241-9756-8DA37759DCFF}.Debug|Any CPU.Build.0 = Debug|Any CPU
		{AB8C25FE-1B71-4241-9756-8DA37759DCFF}.Release|Any CPU.ActiveCfg = Release|Any CPU
		{AB8C25FE-1B71-4241-9756-8DA37759DCFF}.Release|Any CPU.Build.0 = Release|Any CPU
		{1888C952-8A0D-4CA3-A8DB-C73541294E1C}.Debug|Any CPU.ActiveCfg = Debug|Any CPU
		{1888C952-8A0D-4CA3-A8DB-C73541294E1C}.Debug|Any CPU.Build.0 = Debug|Any CPU
		{1888C952-8A0D-4CA3-A8DB-C73541294E1C}.Release|Any CPU.ActiveCfg = Release|Any CPU
		{1888C952-8A0D-4CA3-A8DB-C73541294E1C}.Release|Any CPU.Build.0 = Release|Any CPU
		{0B9FF786-90E1-4CFB-96CE-A96E4668B781}.Debug|Any CPU.ActiveCfg = Debug|Any CPU
		{0B9FF786-90E1-4CFB-96CE-A96E4668B781}.Debug|Any CPU.Build.0 = Debug|Any CPU
		{0B9FF786-90E1-4CFB-96CE-A96E4668B781}.Release|Any CPU.ActiveCfg = Release|Any CPU
		{0B9FF786-90E1-4CFB-96CE-A96E4668B781}.Release|Any CPU.Build.0 = Release|Any CPU
		{6B0F0BA3-EC0A-4553-9BD0-CE5A9F313B46}.Debug|Any CPU.ActiveCfg = Debug|Any CPU
		{6B0F0BA3-EC0A-4553-9BD0-CE5A9F313B46}.Debug|Any CPU.Build.0 = Debug|Any CPU
		{6B0F0BA3-EC0A-4553-9BD0-CE5A9F313B46}.Release|Any CPU.ActiveCfg = Release|Any CPU
		{6B0F0BA3-EC0A-4553-9BD0-CE5A9F313B46}.Release|Any CPU.Build.0 = Release|Any CPU
		{721EB82F-D568-4996-BA1B-4E1126C3A91B}.Debug|Any CPU.ActiveCfg = Debug|Any CPU
		{721EB82F-D568-4996-BA1B-4E1126C3A91B}.Debug|Any CPU.Build.0 = Debug|Any CPU
		{721EB82F-D568-4996-BA1B-4E1126C3A91B}.Release|Any CPU.ActiveCfg = Release|Any CPU
		{721EB82F-D568-4996-BA1B-4E1126C3A91B}.Release|Any CPU.Build.0 = Release|Any CPU
		{54079812-91F3-40E7-9F32-2E655AB20FA3}.Debug|Any CPU.ActiveCfg = Debug|Any CPU
		{54079812-91F3-40E7-9F32-2E655AB20FA3}.Debug|Any CPU.Build.0 = Debug|Any CPU
		{54079812-91F3-40E7-9F32-2E655AB20FA3}.Release|Any CPU.ActiveCfg = Release|Any CPU
		{54079812-91F3-40E7-9F32-2E655AB20FA3}.Release|Any CPU.Build.0 = Release|Any CPU
		{6BADDF75-64AC-4930-A93A-DE1248E6EF62}.Debug|Any CPU.ActiveCfg = Debug|Any CPU
		{6BADDF75-64AC-4930-A93A-DE1248E6EF62}.Debug|Any CPU.Build.0 = Debug|Any CPU
		{6BADDF75-64AC-4930-A93A-DE1248E6EF62}.Release|Any CPU.ActiveCfg = Release|Any CPU
		{6BADDF75-64AC-4930-A93A-DE1248E6EF62}.Release|Any CPU.Build.0 = Release|Any CPU
		{B2FCE8BC-5FFC-428C-A7C2-6C4A5891E086}.Debug|Any CPU.ActiveCfg = Debug|Any CPU
		{B2FCE8BC-5FFC-428C-A7C2-6C4A5891E086}.Debug|Any CPU.Build.0 = Debug|Any CPU
		{B2FCE8BC-5FFC-428C-A7C2-6C4A5891E086}.Release|Any CPU.ActiveCfg = Release|Any CPU
		{B2FCE8BC-5FFC-428C-A7C2-6C4A5891E086}.Release|Any CPU.Build.0 = Release|Any CPU
		{1FEDB1E7-B350-48C9-9F8D-EE24818D22C1}.Debug|Any CPU.ActiveCfg = Debug|Any CPU
		{1FEDB1E7-B350-48C9-9F8D-EE24818D22C1}.Debug|Any CPU.Build.0 = Debug|Any CPU
		{1FEDB1E7-B350-48C9-9F8D-EE24818D22C1}.Release|Any CPU.ActiveCfg = Release|Any CPU
		{1FEDB1E7-B350-48C9-9F8D-EE24818D22C1}.Release|Any CPU.Build.0 = Release|Any CPU
		{1DDC63CE-5737-4F11-ADF4-1F2AD6FAD94C}.Debug|Any CPU.ActiveCfg = Debug|Any CPU
		{1DDC63CE-5737-4F11-ADF4-1F2AD6FAD94C}.Debug|Any CPU.Build.0 = Debug|Any CPU
		{1DDC63CE-5737-4F11-ADF4-1F2AD6FAD94C}.Release|Any CPU.ActiveCfg = Release|Any CPU
		{1DDC63CE-5737-4F11-ADF4-1F2AD6FAD94C}.Release|Any CPU.Build.0 = Release|Any CPU
		{773FEA04-995C-4C41-BC85-2C95A4F28D23}.Debug|Any CPU.ActiveCfg = Debug|Any CPU
		{773FEA04-995C-4C41-BC85-2C95A4F28D23}.Debug|Any CPU.Build.0 = Debug|Any CPU
		{773FEA04-995C-4C41-BC85-2C95A4F28D23}.Release|Any CPU.ActiveCfg = Release|Any CPU
		{773FEA04-995C-4C41-BC85-2C95A4F28D23}.Release|Any CPU.Build.0 = Release|Any CPU
		{7C4C1B00-822D-424B-BB19-B9711807CE12}.Debug|Any CPU.ActiveCfg = Debug|Any CPU
		{7C4C1B00-822D-424B-BB19-B9711807CE12}.Debug|Any CPU.Build.0 = Debug|Any CPU
		{7C4C1B00-822D-424B-BB19-B9711807CE12}.Release|Any CPU.ActiveCfg = Release|Any CPU
		{7C4C1B00-822D-424B-BB19-B9711807CE12}.Release|Any CPU.Build.0 = Release|Any CPU
		{7F024EC1-A564-4543-9A8C-7D48B299D9AE}.Debug|Any CPU.ActiveCfg = Debug|Any CPU
		{7F024EC1-A564-4543-9A8C-7D48B299D9AE}.Debug|Any CPU.Build.0 = Debug|Any CPU
		{7F024EC1-A564-4543-9A8C-7D48B299D9AE}.Release|Any CPU.ActiveCfg = Release|Any CPU
		{7F024EC1-A564-4543-9A8C-7D48B299D9AE}.Release|Any CPU.Build.0 = Release|Any CPU
		{DB7CBB05-9BC3-425F-BCC5-9A42A8655C17}.Debug|Any CPU.ActiveCfg = Debug|Any CPU
		{DB7CBB05-9BC3-425F-BCC5-9A42A8655C17}.Debug|Any CPU.Build.0 = Debug|Any CPU
		{DB7CBB05-9BC3-425F-BCC5-9A42A8655C17}.Release|Any CPU.ActiveCfg = Release|Any CPU
		{DB7CBB05-9BC3-425F-BCC5-9A42A8655C17}.Release|Any CPU.Build.0 = Release|Any CPU
		{278A95DE-B6D2-43A1-A6C2-63621437DAC5}.Debug|Any CPU.ActiveCfg = Debug|Any CPU
		{278A95DE-B6D2-43A1-A6C2-63621437DAC5}.Debug|Any CPU.Build.0 = Debug|Any CPU
		{278A95DE-B6D2-43A1-A6C2-63621437DAC5}.Release|Any CPU.ActiveCfg = Release|Any CPU
		{278A95DE-B6D2-43A1-A6C2-63621437DAC5}.Release|Any CPU.Build.0 = Release|Any CPU
		{EFFFAC9D-F4F6-49D1-AD3D-B1C1957B891B}.Debug|Any CPU.ActiveCfg = Debug|Any CPU
		{EFFFAC9D-F4F6-49D1-AD3D-B1C1957B891B}.Debug|Any CPU.Build.0 = Debug|Any CPU
		{EFFFAC9D-F4F6-49D1-AD3D-B1C1957B891B}.Release|Any CPU.ActiveCfg = Release|Any CPU
		{EFFFAC9D-F4F6-49D1-AD3D-B1C1957B891B}.Release|Any CPU.Build.0 = Release|Any CPU
		{5BDB87BB-42D1-4089-98E0-DBC7DD399004}.Debug|Any CPU.ActiveCfg = Debug|Any CPU
		{5BDB87BB-42D1-4089-98E0-DBC7DD399004}.Debug|Any CPU.Build.0 = Debug|Any CPU
		{5BDB87BB-42D1-4089-98E0-DBC7DD399004}.Release|Any CPU.ActiveCfg = Release|Any CPU
		{5BDB87BB-42D1-4089-98E0-DBC7DD399004}.Release|Any CPU.Build.0 = Release|Any CPU
		{F26A5992-4758-4D47-948B-752CE1B077CE}.Debug|Any CPU.ActiveCfg = Debug|Any CPU
		{F26A5992-4758-4D47-948B-752CE1B077CE}.Debug|Any CPU.Build.0 = Debug|Any CPU
		{F26A5992-4758-4D47-948B-752CE1B077CE}.Release|Any CPU.ActiveCfg = Release|Any CPU
		{F26A5992-4758-4D47-948B-752CE1B077CE}.Release|Any CPU.Build.0 = Release|Any CPU
		{38BF1897-4E82-44B5-A52C-08C19EF44DBE}.Debug|Any CPU.ActiveCfg = Debug|Any CPU
		{38BF1897-4E82-44B5-A52C-08C19EF44DBE}.Debug|Any CPU.Build.0 = Debug|Any CPU
		{38BF1897-4E82-44B5-A52C-08C19EF44DBE}.Release|Any CPU.ActiveCfg = Release|Any CPU
		{38BF1897-4E82-44B5-A52C-08C19EF44DBE}.Release|Any CPU.Build.0 = Release|Any CPU
		{D1E103D0-C949-41C1-B5CB-E14F5CBC919E}.Debug|Any CPU.ActiveCfg = Debug|Any CPU
		{D1E103D0-C949-41C1-B5CB-E14F5CBC919E}.Debug|Any CPU.Build.0 = Debug|Any CPU
		{D1E103D0-C949-41C1-B5CB-E14F5CBC919E}.Release|Any CPU.ActiveCfg = Release|Any CPU
		{D1E103D0-C949-41C1-B5CB-E14F5CBC919E}.Release|Any CPU.Build.0 = Release|Any CPU
		{75711FD6-92D4-498C-BAB8-260EB5DF0102}.Debug|Any CPU.ActiveCfg = Debug|Any CPU
		{75711FD6-92D4-498C-BAB8-260EB5DF0102}.Debug|Any CPU.Build.0 = Debug|Any CPU
		{75711FD6-92D4-498C-BAB8-260EB5DF0102}.Release|Any CPU.ActiveCfg = Release|Any CPU
		{75711FD6-92D4-498C-BAB8-260EB5DF0102}.Release|Any CPU.Build.0 = Release|Any CPU
		{C56FB6EF-352D-4CEF-8D8E-2BF50515DF11}.Debug|Any CPU.ActiveCfg = Debug|Any CPU
		{C56FB6EF-352D-4CEF-8D8E-2BF50515DF11}.Debug|Any CPU.Build.0 = Debug|Any CPU
		{C56FB6EF-352D-4CEF-8D8E-2BF50515DF11}.Release|Any CPU.ActiveCfg = Release|Any CPU
		{C56FB6EF-352D-4CEF-8D8E-2BF50515DF11}.Release|Any CPU.Build.0 = Release|Any CPU
		{55F809F0-5408-485F-881D-C4E09096F8A2}.Debug|Any CPU.ActiveCfg = Debug|Any CPU
		{55F809F0-5408-485F-881D-C4E09096F8A2}.Debug|Any CPU.Build.0 = Debug|Any CPU
		{55F809F0-5408-485F-881D-C4E09096F8A2}.Release|Any CPU.ActiveCfg = Release|Any CPU
		{55F809F0-5408-485F-881D-C4E09096F8A2}.Release|Any CPU.Build.0 = Release|Any CPU
		{84D0EA60-9610-4282-A071-235C452060AE}.Debug|Any CPU.ActiveCfg = Debug|Any CPU
		{84D0EA60-9610-4282-A071-235C452060AE}.Debug|Any CPU.Build.0 = Debug|Any CPU
		{84D0EA60-9610-4282-A071-235C452060AE}.Release|Any CPU.ActiveCfg = Release|Any CPU
		{84D0EA60-9610-4282-A071-235C452060AE}.Release|Any CPU.Build.0 = Release|Any CPU
		{5F5DF0D4-8DBA-429B-AD6A-A3068AD22457}.Debug|Any CPU.ActiveCfg = Debug|Any CPU
		{5F5DF0D4-8DBA-429B-AD6A-A3068AD22457}.Debug|Any CPU.Build.0 = Debug|Any CPU
		{5F5DF0D4-8DBA-429B-AD6A-A3068AD22457}.Release|Any CPU.ActiveCfg = Release|Any CPU
		{5F5DF0D4-8DBA-429B-AD6A-A3068AD22457}.Release|Any CPU.Build.0 = Release|Any CPU
		{17FF4EF9-87A8-4B4C-826B-954DA896DB7C}.Debug|Any CPU.ActiveCfg = Debug|Any CPU
		{17FF4EF9-87A8-4B4C-826B-954DA896DB7C}.Debug|Any CPU.Build.0 = Debug|Any CPU
		{17FF4EF9-87A8-4B4C-826B-954DA896DB7C}.Release|Any CPU.ActiveCfg = Release|Any CPU
		{17FF4EF9-87A8-4B4C-826B-954DA896DB7C}.Release|Any CPU.Build.0 = Release|Any CPU
		{4AB0A161-41AC-4A97-AB4E-99EF178BE16C}.Debug|Any CPU.ActiveCfg = Debug|Any CPU
		{4AB0A161-41AC-4A97-AB4E-99EF178BE16C}.Debug|Any CPU.Build.0 = Debug|Any CPU
		{4AB0A161-41AC-4A97-AB4E-99EF178BE16C}.Release|Any CPU.ActiveCfg = Release|Any CPU
		{4AB0A161-41AC-4A97-AB4E-99EF178BE16C}.Release|Any CPU.Build.0 = Release|Any CPU
		{B6FB235B-1F36-420F-94E0-E64F7C16E399}.Debug|Any CPU.ActiveCfg = Debug|Any CPU
		{B6FB235B-1F36-420F-94E0-E64F7C16E399}.Debug|Any CPU.Build.0 = Debug|Any CPU
		{B6FB235B-1F36-420F-94E0-E64F7C16E399}.Release|Any CPU.ActiveCfg = Release|Any CPU
		{B6FB235B-1F36-420F-94E0-E64F7C16E399}.Release|Any CPU.Build.0 = Release|Any CPU
	EndGlobalSection
	GlobalSection(SolutionProperties) = preSolution
		HideSolutionNode = FALSE
	EndGlobalSection
	GlobalSection(ExtensibilityGlobals) = postSolution
		SolutionGuid = {45D0C5A6-1488-4DF8-BDAD-06BED598BD49}
	EndGlobalSection
EndGlobal
